// !$*UTF8*$!
{
	archiveVersion = 1;
	classes = {
	};
	objectVersion = 48;
	objects = {

/* Begin PBXBuildFile section */
		97BFD9EF1F1A848E002A1F58 /* AppDelegate.swift in Sources */ = {isa = PBXBuildFile; fileRef = 97BFD9EE1F1A848E002A1F58 /* AppDelegate.swift */; };
		97BFD9F11F1A848E002A1F58 /* ViewController.swift in Sources */ = {isa = PBXBuildFile; fileRef = 97BFD9F01F1A848E002A1F58 /* ViewController.swift */; };
		97BFD9F41F1A848E002A1F58 /* Main.storyboard in Resources */ = {isa = PBXBuildFile; fileRef = 97BFD9F21F1A848E002A1F58 /* Main.storyboard */; };
		97BFD9F61F1A848E002A1F58 /* Assets.xcassets in Resources */ = {isa = PBXBuildFile; fileRef = 97BFD9F51F1A848E002A1F58 /* Assets.xcassets */; };
		97BFD9F91F1A848E002A1F58 /* LaunchScreen.storyboard in Resources */ = {isa = PBXBuildFile; fileRef = 97BFD9F71F1A848E002A1F58 /* LaunchScreen.storyboard */; };
		97BFDA031F1A8749002A1F58 /* Mapbox.framework in Frameworks */ = {isa = PBXBuildFile; fileRef = 97BFDA021F1A8749002A1F58 /* Mapbox.framework */; };
		97BFDA041F1A8749002A1F58 /* Mapbox.framework in Embed Frameworks */ = {isa = PBXBuildFile; fileRef = 97BFDA021F1A8749002A1F58 /* Mapbox.framework */; settings = {ATTRIBUTES = (CodeSignOnCopy, RemoveHeadersOnCopy, ); }; };
		97BFDA091F1A8A2D002A1F58 /* CoreLocation.framework in Frameworks */ = {isa = PBXBuildFile; fileRef = 97BFDA081F1A8A2D002A1F58 /* CoreLocation.framework */; };
/* End PBXBuildFile section */

/* Begin PBXCopyFilesBuildPhase section */
		97BFDA051F1A8749002A1F58 /* Embed Frameworks */ = {
			isa = PBXCopyFilesBuildPhase;
			buildActionMask = 2147483647;
			dstPath = "";
			dstSubfolderSpec = 10;
			files = (
				97BFDA041F1A8749002A1F58 /* Mapbox.framework in Embed Frameworks */,
			);
			name = "Embed Frameworks";
			runOnlyForDeploymentPostprocessing = 0;
		};
/* End PBXCopyFilesBuildPhase section */

/* Begin PBXFileReference section */
		97BFD9EB1F1A848E002A1F58 /* sPark.app */ = {isa = PBXFileReference; explicitFileType = wrapper.application; includeInIndex = 0; path = sPark.app; sourceTree = BUILT_PRODUCTS_DIR; };
		97BFD9EE1F1A848E002A1F58 /* AppDelegate.swift */ = {isa = PBXFileReference; lastKnownFileType = sourcecode.swift; path = AppDelegate.swift; sourceTree = "<group>"; };
		97BFD9F01F1A848E002A1F58 /* ViewController.swift */ = {isa = PBXFileReference; lastKnownFileType = sourcecode.swift; path = ViewController.swift; sourceTree = "<group>"; };
		97BFD9F31F1A848E002A1F58 /* Base */ = {isa = PBXFileReference; lastKnownFileType = file.storyboard; name = Base; path = Base.lproj/Main.storyboard; sourceTree = "<group>"; };
		97BFD9F51F1A848E002A1F58 /* Assets.xcassets */ = {isa = PBXFileReference; lastKnownFileType = folder.assetcatalog; path = Assets.xcassets; sourceTree = "<group>"; };
		97BFD9F81F1A848E002A1F58 /* Base */ = {isa = PBXFileReference; lastKnownFileType = file.storyboard; name = Base; path = Base.lproj/LaunchScreen.storyboard; sourceTree = "<group>"; };
		97BFD9FA1F1A848E002A1F58 /* Info.plist */ = {isa = PBXFileReference; lastKnownFileType = text.plist.xml; path = Info.plist; sourceTree = "<group>"; };
		97BFDA021F1A8749002A1F58 /* Mapbox.framework */ = {isa = PBXFileReference; lastKnownFileType = wrapper.framework; path = Mapbox.framework; sourceTree = "<group>"; };
		97BFDA081F1A8A2D002A1F58 /* CoreLocation.framework */ = {isa = PBXFileReference; lastKnownFileType = wrapper.framework; name = CoreLocation.framework; path = System/Library/Frameworks/CoreLocation.framework; sourceTree = SDKROOT; };
/* End PBXFileReference section */

/* Begin PBXFrameworksBuildPhase section */
		97BFD9E81F1A848E002A1F58 /* Frameworks */ = {
			isa = PBXFrameworksBuildPhase;
			buildActionMask = 2147483647;
			files = (
				97BFDA091F1A8A2D002A1F58 /* CoreLocation.framework in Frameworks */,
				97BFDA031F1A8749002A1F58 /* Mapbox.framework in Frameworks */,
			);
			runOnlyForDeploymentPostprocessing = 0;
		};
/* End PBXFrameworksBuildPhase section */

/* Begin PBXGroup section */
		97BFD9E21F1A848E002A1F58 = {
			isa = PBXGroup;
			children = (
				97BFDA021F1A8749002A1F58 /* Mapbox.framework */,
				97BFD9ED1F1A848E002A1F58 /* sPark */,
				97BFD9EC1F1A848E002A1F58 /* Products */,
				97BFDA071F1A8A2D002A1F58 /* Frameworks */,
			);
			sourceTree = "<group>";
		};
		97BFD9EC1F1A848E002A1F58 /* Products */ = {
			isa = PBXGroup;
			children = (
				97BFD9EB1F1A848E002A1F58 /* sPark.app */,
			);
			name = Products;
			sourceTree = "<group>";
		};
		97BFD9ED1F1A848E002A1F58 /* sPark */ = {
			isa = PBXGroup;
			children = (
				97BFD9EE1F1A848E002A1F58 /* AppDelegate.swift */,
				97BFD9F01F1A848E002A1F58 /* ViewController.swift */,
				97BFD9F21F1A848E002A1F58 /* Main.storyboard */,
				97BFD9F51F1A848E002A1F58 /* Assets.xcassets */,
				97BFD9F71F1A848E002A1F58 /* LaunchScreen.storyboard */,
				97BFD9FA1F1A848E002A1F58 /* Info.plist */,
			);
			path = sPark;
			sourceTree = "<group>";
		};
		97BFDA071F1A8A2D002A1F58 /* Frameworks */ = {
			isa = PBXGroup;
			children = (
				97BFDA081F1A8A2D002A1F58 /* CoreLocation.framework */,
			);
			name = Frameworks;
			sourceTree = "<group>";
		};
/* End PBXGroup section */

/* Begin PBXNativeTarget section */
		97BFD9EA1F1A848E002A1F58 /* sPark */ = {
			isa = PBXNativeTarget;
			buildConfigurationList = 97BFD9FD1F1A848E002A1F58 /* Build configuration list for PBXNativeTarget "sPark" */;
			buildPhases = (
				97BFD9E71F1A848E002A1F58 /* Sources */,
				97BFD9E81F1A848E002A1F58 /* Frameworks */,
				97BFD9E91F1A848E002A1F58 /* Resources */,
				97BFDA051F1A8749002A1F58 /* Embed Frameworks */,
				97BFDA061F1A880E002A1F58 /* ShellScript */,
			);
			buildRules = (
			);
			dependencies = (
			);
			name = sPark;
			productName = sPark;
			productReference = 97BFD9EB1F1A848E002A1F58 /* sPark.app */;
			productType = "com.apple.product-type.application";
		};
/* End PBXNativeTarget section */

/* Begin PBXProject section */
		97BFD9E31F1A848E002A1F58 /* Project object */ = {
			isa = PBXProject;
			attributes = {
				LastSwiftUpdateCheck = 0830;
				LastUpgradeCheck = 0830;
				ORGANIZATIONNAME = sPark;
				TargetAttributes = {
					97BFD9EA1F1A848E002A1F58 = {
						CreatedOnToolsVersion = 8.3.3;
						ProvisioningStyle = Automatic;
					};
				};
			};
			buildConfigurationList = 97BFD9E61F1A848E002A1F58 /* Build configuration list for PBXProject "sPark" */;
			compatibilityVersion = "Xcode 8.0";
			developmentRegion = English;
			hasScannedForEncodings = 0;
			knownRegions = (
				en,
				Base,
			);
			mainGroup = 97BFD9E21F1A848E002A1F58;
			productRefGroup = 97BFD9EC1F1A848E002A1F58 /* Products */;
			projectDirPath = "";
			projectRoot = "";
			targets = (
				97BFD9EA1F1A848E002A1F58 /* sPark */,
			);
		};
/* End PBXProject section */

/* Begin PBXResourcesBuildPhase section */
		97BFD9E91F1A848E002A1F58 /* Resources */ = {
			isa = PBXResourcesBuildPhase;
			buildActionMask = 2147483647;
			files = (
				97BFD9F91F1A848E002A1F58 /* LaunchScreen.storyboard in Resources */,
				97BFD9F61F1A848E002A1F58 /* Assets.xcassets in Resources */,
				97BFD9F41F1A848E002A1F58 /* Main.storyboard in Resources */,
			);
			runOnlyForDeploymentPostprocessing = 0;
		};
/* End PBXResourcesBuildPhase section */

/* Begin PBXShellScriptBuildPhase section */
		97BFDA061F1A880E002A1F58 /* ShellScript */ = {
			isa = PBXShellScriptBuildPhase;
			buildActionMask = 2147483647;
			files = (
			);
			inputPaths = (
			);
			outputPaths = (
			);
			runOnlyForDeploymentPostprocessing = 0;
			shellPath = /bin/sh;
			shellScript = "bash \"${BUILT_PRODUCTS_DIR}/${FRAMEWORKS_FOLDER_PATH}/Mapbox.framework/strip-frameworks.sh\"\n";
		};
/* End PBXShellScriptBuildPhase section */

/* Begin PBXSourcesBuildPhase section */
		97BFD9E71F1A848E002A1F58 /* Sources */ = {
			isa = PBXSourcesBuildPhase;
			buildActionMask = 2147483647;
			files = (
				97BFD9F11F1A848E002A1F58 /* ViewController.swift in Sources */,
				97BFD9EF1F1A848E002A1F58 /* AppDelegate.swift in Sources */,
			);
			runOnlyForDeploymentPostprocessing = 0;
		};
/* End PBXSourcesBuildPhase section */

/* Begin PBXVariantGroup section */
		97BFD9F21F1A848E002A1F58 /* Main.storyboard */ = {
			isa = PBXVariantGroup;
			children = (
				97BFD9F31F1A848E002A1F58 /* Base */,
			);
			name = Main.storyboard;
			sourceTree = "<group>";
		};
		97BFD9F71F1A848E002A1F58 /* LaunchScreen.storyboard */ = {
			isa = PBXVariantGroup;
			children = (
				97BFD9F81F1A848E002A1F58 /* Base */,
			);
			name = LaunchScreen.storyboard;
			sourceTree = "<group>";
		};
/* End PBXVariantGroup section */

/* Begin XCBuildConfiguration section */
		97BFD9FB1F1A848E002A1F58 /* Debug */ = {
			isa = XCBuildConfiguration;
			buildSettings = {
				ALWAYS_SEARCH_USER_PATHS = NO;
				CLANG_ANALYZER_NONNULL = YES;
				CLANG_ANALYZER_NUMBER_OBJECT_CONVERSION = YES_AGGRESSIVE;
				CLANG_CXX_LANGUAGE_STANDARD = "gnu++0x";
				CLANG_CXX_LIBRARY = "libc++";
				CLANG_ENABLE_MODULES = YES;
				CLANG_ENABLE_OBJC_ARC = YES;
				CLANG_WARN_BOOL_CONVERSION = YES;
				CLANG_WARN_CONSTANT_CONVERSION = YES;
				CLANG_WARN_DIRECT_OBJC_ISA_USAGE = YES_ERROR;
				CLANG_WARN_DOCUMENTATION_COMMENTS = YES;
				CLANG_WARN_EMPTY_BODY = YES;
				CLANG_WARN_ENUM_CONVERSION = YES;
				CLANG_WARN_INFINITE_RECURSION = YES;
				CLANG_WARN_INT_CONVERSION = YES;
				CLANG_WARN_OBJC_ROOT_CLASS = YES_ERROR;
				CLANG_WARN_SUSPICIOUS_MOVE = YES;
				CLANG_WARN_UNREACHABLE_CODE = YES;
				CLANG_WARN__DUPLICATE_METHOD_MATCH = YES;
				"CODE_SIGN_IDENTITY[sdk=iphoneos*]" = "iPhone Developer";
				COPY_PHASE_STRIP = NO;
				DEBUG_INFORMATION_FORMAT = dwarf;
				ENABLE_STRICT_OBJC_MSGSEND = YES;
				ENABLE_TESTABILITY = YES;
				GCC_C_LANGUAGE_STANDARD = gnu99;
				GCC_DYNAMIC_NO_PIC = NO;
				GCC_NO_COMMON_BLOCKS = YES;
				GCC_OPTIMIZATION_LEVEL = 0;
				GCC_PREPROCESSOR_DEFINITIONS = (
					"DEBUG=1",
					"$(inherited)",
				);
				GCC_WARN_64_TO_32_BIT_CONVERSION = YES;
				GCC_WARN_ABOUT_RETURN_TYPE = YES_ERROR;
				GCC_WARN_UNDECLARED_SELECTOR = YES;
				GCC_WARN_UNINITIALIZED_AUTOS = YES_AGGRESSIVE;
				GCC_WARN_UNUSED_FUNCTION = YES;
				GCC_WARN_UNUSED_VARIABLE = YES;
				IPHONEOS_DEPLOYMENT_TARGET = 10.3;
				MTL_ENABLE_DEBUG_INFO = YES;
				ONLY_ACTIVE_ARCH = YES;
				SDKROOT = iphoneos;
				SWIFT_ACTIVE_COMPILATION_CONDITIONS = DEBUG;
				SWIFT_OPTIMIZATION_LEVEL = "-Onone";
				TARGETED_DEVICE_FAMILY = "1,2";
			};
			name = Debug;
		};
		97BFD9FC1F1A848E002A1F58 /* Release */ = {
			isa = XCBuildConfiguration;
			buildSettings = {
				ALWAYS_SEARCH_USER_PATHS = NO;
				CLANG_ANALYZER_NONNULL = YES;
				CLANG_ANALYZER_NUMBER_OBJECT_CONVERSION = YES_AGGRESSIVE;
				CLANG_CXX_LANGUAGE_STANDARD = "gnu++0x";
				CLANG_CXX_LIBRARY = "libc++";
				CLANG_ENABLE_MODULES = YES;
				CLANG_ENABLE_OBJC_ARC = YES;
				CLANG_WARN_BOOL_CONVERSION = YES;
				CLANG_WARN_CONSTANT_CONVERSION = YES;
				CLANG_WARN_DIRECT_OBJC_ISA_USAGE = YES_ERROR;
				CLANG_WARN_DOCUMENTATION_COMMENTS = YES;
				CLANG_WARN_EMPTY_BODY = YES;
				CLANG_WARN_ENUM_CONVERSION = YES;
				CLANG_WARN_INFINITE_RECURSION = YES;
				CLANG_WARN_INT_CONVERSION = YES;
				CLANG_WARN_OBJC_ROOT_CLASS = YES_ERROR;
				CLANG_WARN_SUSPICIOUS_MOVE = YES;
				CLANG_WARN_UNREACHABLE_CODE = YES;
				CLANG_WARN__DUPLICATE_METHOD_MATCH = YES;
				"CODE_SIGN_IDENTITY[sdk=iphoneos*]" = "iPhone Developer";
				COPY_PHASE_STRIP = NO;
				DEBUG_INFORMATION_FORMAT = "dwarf-with-dsym";
				ENABLE_NS_ASSERTIONS = NO;
				ENABLE_STRICT_OBJC_MSGSEND = YES;
				GCC_C_LANGUAGE_STANDARD = gnu99;
				GCC_NO_COMMON_BLOCKS = YES;
				GCC_WARN_64_TO_32_BIT_CONVERSION = YES;
				GCC_WARN_ABOUT_RETURN_TYPE = YES_ERROR;
				GCC_WARN_UNDECLARED_SELECTOR = YES;
				GCC_WARN_UNINITIALIZED_AUTOS = YES_AGGRESSIVE;
				GCC_WARN_UNUSED_FUNCTION = YES;
				GCC_WARN_UNUSED_VARIABLE = YES;
				IPHONEOS_DEPLOYMENT_TARGET = 10.3;
				MTL_ENABLE_DEBUG_INFO = NO;
				SDKROOT = iphoneos;
				SWIFT_OPTIMIZATION_LEVEL = "-Owholemodule";
				TARGETED_DEVICE_FAMILY = "1,2";
				VALIDATE_PRODUCT = YES;
			};
			name = Release;
		};
		97BFD9FE1F1A848E002A1F58 /* Debug */ = {
			isa = XCBuildConfiguration;
			buildSettings = {
				ASSETCATALOG_COMPILER_APPICON_NAME = AppIcon;
				DEVELOPMENT_TEAM = QCFQP9G365;
				FRAMEWORK_SEARCH_PATHS = (
					"$(inherited)",
					"$(PROJECT_DIR)",
				);
				INFOPLIST_FILE = sPark/Info.plist;
				LD_RUNPATH_SEARCH_PATHS = "$(inherited) @executable_path/Frameworks";
				PRODUCT_BUNDLE_IDENTIFIER = M.sPark;
				PRODUCT_NAME = "$(TARGET_NAME)";
				SWIFT_VERSION = 3.0;
			};
			name = Debug;
		};
		97BFD9FF1F1A848E002A1F58 /* Release */ = {
			isa = XCBuildConfiguration;
			buildSettings = {
				ASSETCATALOG_COMPILER_APPICON_NAME = AppIcon;
				DEVELOPMENT_TEAM = QCFQP9G365;
				FRAMEWORK_SEARCH_PATHS = (
					"$(inherited)",
					"$(PROJECT_DIR)",
				);
				INFOPLIST_FILE = sPark/Info.plist;
				LD_RUNPATH_SEARCH_PATHS = "$(inherited) @executable_path/Frameworks";
				PRODUCT_BUNDLE_IDENTIFIER = M.sPark;
				PRODUCT_NAME = "$(TARGET_NAME)";
				SWIFT_VERSION = 3.0;
			};
			name = Release;
		};
/* End XCBuildConfiguration section */

/* Begin XCConfigurationList section */
		97BFD9E61F1A848E002A1F58 /* Build configuration list for PBXProject "sPark" */ = {
			isa = XCConfigurationList;
			buildConfigurations = (
				97BFD9FB1F1A848E002A1F58 /* Debug */,
				97BFD9FC1F1A848E002A1F58 /* Release */,
			);
			defaultConfigurationIsVisible = 0;
			defaultConfigurationName = Release;
		};
		97BFD9FD1F1A848E002A1F58 /* Build configuration list for PBXNativeTarget "sPark" */ = {
			isa = XCConfigurationList;
			buildConfigurations = (
				97BFD9FE1F1A848E002A1F58 /* Debug */,
				97BFD9FF1F1A848E002A1F58 /* Release */,
			);
			defaultConfigurationIsVisible = 0;
			defaultConfigurationName = Release;
		};
/* End XCConfigurationList section */
	};
	rootObject = 97BFD9E31F1A848E002A1F58 /* Project object */;
}
